
Microsoft Visual Studio Solution File, Format Version 12.00
# Visual Studio Version 17
VisualStudioVersion = 17.8.34525.116
MinimumVisualStudioVersion = 10.0.40219.1
Project("{FAE04EC0-301F-11D3-BF4B-00C04F79EFBC}") = "TFIT", "TFIT\TFIT.csproj", "{9F8FF2CA-9E0B-450D-94A9-591B31FA4B01}"
EndProject
Project("{9A19103F-16F7-4668-BE54-9A1E7A4F7556}") = "Lab1", "Lab1\Lab1.csproj", "{CD3367FB-6DEA-4F6C-8911-7C60D0996578}"
EndProject
Project("{9A19103F-16F7-4668-BE54-9A1E7A4F7556}") = "Automath", "Automath\Automath.csproj", "{D6C431B5-4F60-4AD3-BC5F-6A83C7F18F36}"
EndProject
Global
	GlobalSection(SolutionConfigurationPlatforms) = preSolution
		Debug|Any CPU = Debug|Any CPU
		Release|Any CPU = Release|Any CPU
	EndGlobalSection
	GlobalSection(ProjectConfigurationPlatforms) = postSolution
		{9F8FF2CA-9E0B-450D-94A9-591B31FA4B01}.Debug|Any CPU.ActiveCfg = Debug|Any CPU
		{9F8FF2CA-9E0B-450D-94A9-591B31FA4B01}.Debug|Any CPU.Build.0 = Debug|Any CPU
		{9F8FF2CA-9E0B-450D-94A9-591B31FA4B01}.Release|Any CPU.ActiveCfg = Release|Any CPU
		{9F8FF2CA-9E0B-450D-94A9-591B31FA4B01}.Release|Any CPU.Build.0 = Release|Any CPU
		{CD3367FB-6DEA-4F6C-8911-7C60D0996578}.Debug|Any CPU.ActiveCfg = Debug|Any CPU
		{CD3367FB-6DEA-4F6C-8911-7C60D0996578}.Debug|Any CPU.Build.0 = Debug|Any CPU
		{CD3367FB-6DEA-4F6C-8911-7C60D0996578}.Release|Any CPU.ActiveCfg = Release|Any CPU
		{CD3367FB-6DEA-4F6C-8911-7C60D0996578}.Release|Any CPU.Build.0 = Release|Any CPU
		{D6C431B5-4F60-4AD3-BC5F-6A83C7F18F36}.Debug|Any CPU.ActiveCfg = Debug|Any CPU
		{D6C431B5-4F60-4AD3-BC5F-6A83C7F18F36}.Debug|Any CPU.Build.0 = Debug|Any CPU
		{D6C431B5-4F60-4AD3-BC5F-6A83C7F18F36}.Release|Any CPU.ActiveCfg = Release|Any CPU
		{D6C431B5-4F60-4AD3-BC5F-6A83C7F18F36}.Release|Any CPU.Build.0 = Release|Any CPU
	EndGlobalSection
	GlobalSection(SolutionProperties) = preSolution
		HideSolutionNode = FALSE
	EndGlobalSection
	GlobalSection(ExtensibilityGlobals) = postSolution
		SolutionGuid = {B387EC90-9679-4AF6-92BE-40E155082356}
	EndGlobalSection
EndGlobal
